<?xml version="1.0" encoding="utf-8"?>
<Project ToolsVersion="4.0" xmlns="http://schemas.microsoft.com/developer/msbuild/2003">
  <ItemGroup>
    <Filter Include="Source Files">
      <UniqueIdentifier>{4FC737F1-C7A5-4376-A066-2A32D752A2FF}</UniqueIdentifier>
      <Extensions>cpp;c;cc;cxx;def;odl;idl;hpj;bat;asm;asmx</Extensions>
    </Filter>
    <Filter Include="Header Files">
      <UniqueIdentifier>{93995380-89BD-4b04-88EB-625FBE52EBFB}</UniqueIdentifier>
      <Extensions>h;hh;hpp;hxx;hm;inl;inc;xsd</Extensions>
    </Filter>
  </ItemGroup>
  <ItemGroup>
    <ClInclude Include="Include\MediaControl.h">
      <Filter>Header Files</Filter>
    </ClInclude>
    <ClInclude Include="Include\MediaEvent.h">
      <Filter>Header Files</Filter>
    </ClInclude>
    <ClInclude Include="Include\StreamEvent.h">
      <Filter>Header Files</Filter>
    </ClInclude>
    <ClInclude Include="..\VxSdkNet\Include\AlarmInput.h">
      <Filter>Header Files</Filter>
    </ClInclude>
    <ClInclude Include="..\VxSdkNet\Include\Bookmark.h">
      <Filter>Header Files</Filter>
    </ClInclude>
    <ClInclude Include="..\VxSdkNet\Include\BookmarkLock.h">
      <Filter>Header Files</Filter>
    </ClInclude>
    <ClInclude Include="..\VxSdkNet\Include\Configuration.h">
      <Filter>Header Files</Filter>
    </ClInclude>
    <ClInclude Include="..\VxSdkNet\Include\DataObject.h">
      <Filter>Header Files</Filter>
    </ClInclude>
    <ClInclude Include="..\VxSdkNet\Include\DataStorage.h">
      <Filter>Header Files</Filter>
    </ClInclude>
    <ClInclude Include="..\VxSdkNet\Include\DeviceAssignment.h">
      <Filter>Header Files</Filter>
    </ClInclude>
    <ClInclude Include="..\VxSdkNet\Include\Drawing.h">
      <Filter>Header Files</Filter>
    </ClInclude>
    <ClInclude Include="..\VxSdkNet\Include\Driver.h">
      <Filter>Header Files</Filter>
    </ClInclude>
    <ClInclude Include="..\VxSdkNet\Include\Gap.h">
      <Filter>Header Files</Filter>
    </ClInclude>
    <ClInclude Include="..\VxSdkNet\Include\License.h">
      <Filter>Header Files</Filter>
    </ClInclude>
    <ClInclude Include="..\VxSdkNet\Include\LicenseFeature.h">
      <Filter>Header Files</Filter>
    </ClInclude>
    <ClInclude Include="..\VxSdkNet\Include\ManualRecording.h">
      <Filter>Header Files</Filter>
    </ClInclude>
    <ClInclude Include="..\VxSdkNet\Include\Marker.h">
      <Filter>Header Files</Filter>
    </ClInclude>
    <ClInclude Include="..\VxSdkNet\Include\Monitor.h">
      <Filter>Header Files</Filter>
    </ClInclude>
    <ClInclude Include="..\VxSdkNet\Include\MonitorCell.h">
      <Filter>Header Files</Filter>
    </ClInclude>
    <ClInclude Include="..\VxSdkNet\Include\MonitorPosition.h">
      <Filter>Header Files</Filter>
    </ClInclude>
    <ClInclude Include="..\VxSdkNet\Include\MonitorWall.h">
      <Filter>Header Files</Filter>
    </ClInclude>
    <ClInclude Include="..\VxSdkNet\Include\NewBookmark.h">
      <Filter>Header Files</Filter>
    </ClInclude>
    <ClInclude Include="..\VxSdkNet\Include\NewClip.h">
      <Filter>Header Files</Filter>
    </ClInclude>
    <ClInclude Include="..\VxSdkNet\Include\NewDataObject.h">
      <Filter>Header Files</Filter>
    </ClInclude>
    <ClInclude Include="..\VxSdkNet\Include\NewDevice.h">
      <Filter>Header Files</Filter>
    </ClInclude>
    <ClInclude Include="..\VxSdkNet\Include\NewDeviceAssignment.h">
      <Filter>Header Files</Filter>
    </ClInclude>
    <ClInclude Include="..\VxSdkNet\Include\NewEvent.h">
      <Filter>Header Files</Filter>
    </ClInclude>
    <ClInclude Include="..\VxSdkNet\Include\NewManualRecording.h">
      <Filter>Header Files</Filter>
    </ClInclude>
    <ClInclude Include="..\VxSdkNet\Include\NewMonitor.h">
      <Filter>Header Files</Filter>
    </ClInclude>
    <ClInclude Include="..\VxSdkNet\Include\NewMarker.h">
      <Filter>Header Files</Filter>
    </ClInclude>
    <ClInclude Include="..\VxSdkNet\Include\NewNotification.h">
      <Filter>Header Files</Filter>
    </ClInclude>
    <ClInclude Include="..\VxSdkNet\Include\NewPixelSearch.h">
      <Filter>Header Files</Filter>
    </ClInclude>
    <ClInclude Include="..\VxSdkNet\Include\NewPrivilege.h">
      <Filter>Header Files</Filter>
    </ClInclude>
    <ClInclude Include="..\VxSdkNet\Include\NewRule.h">
      <Filter>Header Files</Filter>
    </ClInclude>
    <ClInclude Include="..\VxSdkNet\Include\NewSchedule.h">
      <Filter>Header Files</Filter>
    </ClInclude>
    <ClInclude Include="..\VxSdkNet\Include\NewScheduleTrigger.h">
      <Filter>Header Files</Filter>
    </ClInclude>
    <ClInclude Include="..\VxSdkNet\Include\NewSituation.h">
      <Filter>Header Files</Filter>
    </ClInclude>
    <ClInclude Include="..\VxSdkNet\Include\NewTag.h">
      <Filter>Header Files</Filter>
    </ClInclude>
    <ClInclude Include="..\VxSdkNet\Include\NewTimeTable.h">
      <Filter>Header Files</Filter>
    </ClInclude>
    <ClInclude Include="..\VxSdkNet\Include\NewUser.h">
      <Filter>Header Files</Filter>
    </ClInclude>
    <ClInclude Include="..\VxSdkNet\Include\Notification.h">
      <Filter>Header Files</Filter>
    </ClInclude>
    <ClInclude Include="..\VxSdkNet\Include\PixelSearch.h">
      <Filter>Header Files</Filter>
    </ClInclude>
    <ClInclude Include="..\VxSdkNet\Include\Privilege.h">
      <Filter>Header Files</Filter>
    </ClInclude>
    <ClInclude Include="..\VxSdkNet\Include\PtzLimits.h">
      <Filter>Header Files</Filter>
    </ClInclude>
    <ClInclude Include="..\VxSdkNet\Include\PtzLock.h">
      <Filter>Header Files</Filter>
    </ClInclude>
    <ClInclude Include="..\VxSdkNet\Include\Log.h">
      <Filter>Header Files</Filter>
    </ClInclude>
    <ClInclude Include="..\VxSdkNet\Include\Rect.h">
      <Filter>Header Files</Filter>
    </ClInclude>
    <ClInclude Include="..\VxSdkNet\Include\RelayOutput.h">
      <Filter>Header Files</Filter>
    </ClInclude>
    <ClInclude Include="..\VxSdkNet\Include\ResourceLock.h">
      <Filter>Header Files</Filter>
    </ClInclude>
    <ClInclude Include="..\VxSdkNet\Include\ResourceRef.h">
      <Filter>Header Files</Filter>
    </ClInclude>
    <ClInclude Include="..\VxSdkNet\Include\ResourceRel.h">
      <Filter>Header Files</Filter>
    </ClInclude>
    <ClInclude Include="..\VxSdkNet\Include\Role.h">
      <Filter>Header Files</Filter>
    </ClInclude>
    <ClInclude Include="..\VxSdkNet\Include\Rule.h">
      <Filter>Header Files</Filter>
    </ClInclude>
    <ClInclude Include="..\VxSdkNet\Include\RuleTrigger.h">
      <Filter>Header Files</Filter>
    </ClInclude>
    <ClInclude Include="..\VxSdkNet\Include\Schedule.h">
      <Filter>Header Files</Filter>
    </ClInclude>
    <ClInclude Include="..\VxSdkNet\Include\ScheduleTrigger.h">
      <Filter>Header Files</Filter>
    </ClInclude>
    <ClInclude Include="..\VxSdkNet\Include\SnapshotFilter.h">
      <Filter>Header Files</Filter>
    </ClInclude>
    <ClInclude Include="..\VxSdkNet\Include\Tag.h">
      <Filter>Header Files</Filter>
    </ClInclude>
    <ClInclude Include="..\VxSdkNet\Include\TimeRange.h">
      <Filter>Header Files</Filter>
    </ClInclude>
    <ClInclude Include="..\VxSdkNet\Include\TimeTable.h">
      <Filter>Header Files</Filter>
    </ClInclude>
    <ClInclude Include="..\VxSdkNet\Include\User.h">
      <Filter>Header Files</Filter>
    </ClInclude>
    <ClInclude Include="..\VxSdkNet\Include\UserInfo.h">
      <Filter>Header Files</Filter>
    </ClInclude>
    <ClInclude Include="..\VxSdkNet\Include\Utils.h">
      <Filter>Header Files</Filter>
    </ClInclude>
    <ClInclude Include="..\VxSdkNet\Include\Clip.h">
      <Filter>Header Files</Filter>
    </ClInclude>
    <ClInclude Include="..\VxSdkNet\Include\DataInterface.h">
      <Filter>Header Files</Filter>
    </ClInclude>
    <ClInclude Include="..\VxSdkNet\Include\DataSession.h">
      <Filter>Header Files</Filter>
    </ClInclude>
    <ClInclude Include="..\VxSdkNet\Include\DataSource.h">
      <Filter>Header Files</Filter>
    </ClInclude>
    <ClInclude Include="..\VxSdkNet\Include\Device.h">
      <Filter>Header Files</Filter>
    </ClInclude>
    <ClInclude Include="..\VxSdkNet\Include\Event.h">
      <Filter>Header Files</Filter>
    </ClInclude>
    <ClInclude Include="..\VxSdkNet\Include\Export.h">
      <Filter>Header Files</Filter>
    </ClInclude>
    <ClInclude Include="..\VxSdkNet\Include\ExportClip.h">
      <Filter>Header Files</Filter>
    </ClInclude>
    <ClInclude Include="..\VxSdkNet\Include\NewExport.h">
      <Filter>Header Files</Filter>
    </ClInclude>
    <ClInclude Include="..\VxSdkNet\Include\NewExportClip.h">
      <Filter>Header Files</Filter>
    </ClInclude>
    <ClInclude Include="..\VxSdkNet\Include\Pattern.h">
      <Filter>Header Files</Filter>
    </ClInclude>
    <ClInclude Include="..\VxSdkNet\Include\Preset.h">
      <Filter>Header Files</Filter>
    </ClInclude>
    <ClInclude Include="..\VxSdkNet\Include\PtzController.h">
      <Filter>Header Files</Filter>
    </ClInclude>
    <ClInclude Include="..\VxSdkNet\Include\Situation.h">
      <Filter>Header Files</Filter>
    </ClInclude>
    <ClInclude Include="..\VxSdkNet\Include\InternalEvent.h">
      <Filter>Header Files</Filter>
    </ClInclude>
    <ClInclude Include="..\VxSdkNet\Include\VXSystem.h">
      <Filter>Header Files</Filter>
    </ClInclude>
    <ClInclude Include="Include\PelcoDataEvent.h">
      <Filter>Header Files</Filter>
    </ClInclude>
    <ClInclude Include="..\VxSdkNet\Include\Diagnostics.h">
      <Filter>Header Files</Filter>
    </ClInclude>
    <ClInclude Include="..\VxSdkNet\Include\AccessPoint.h">
      <Filter>Header Files</Filter>
    </ClInclude>
    <ClInclude Include="..\VxSdkNet\Include\MonitorSelection.h">
      <Filter>Header Files</Filter>
    </ClInclude>
    <ClInclude Include="..\VxSdkNet\Include\ExportStream.h">
      <Filter>Header Files</Filter>
    </ClInclude>
    <ClInclude Include="..\VxSdkNet\Include\ExportStreamClip.h">
      <Filter>Header Files</Filter>
    </ClInclude>
    <ClInclude Include="..\VxSdkNet\Include\NewVolume.h">
      <Filter>Header Files</Filter>
    </ClInclude>
    <ClInclude Include="..\VxSdkNet\Include\NewVolumeGroup.h">
      <Filter>Header Files</Filter>
    </ClInclude>
    <ClInclude Include="..\VxSdkNet\Include\Volume.h">
      <Filter>Header Files</Filter>
    </ClInclude>
    <ClInclude Include="..\VxSdkNet\Include\VolumeGroup.h">
      <Filter>Header Files</Filter>
    </ClInclude>
    <ClInclude Include="..\VxSdkNet\Include\LinkedPtzInfo.h">
      <Filter>Header Files</Filter>
    </ClInclude>
    <ClInclude Include="..\VxSdkNet\Include\Retention.h">
      <Filter>Header Files</Filter>
    </ClInclude>
    <ClInclude Include="..\VxSdkNet\Include\UserAccount.h">
      <Filter>Header Files</Filter>
    </ClInclude>
    <ClInclude Include="..\VxSdkNet\Include\LicenseSup.h">
      <Filter>Header Files</Filter>
    </ClInclude>
    <ClInclude Include="..\VxSdkNet\Include\LicenseSupEvent.h">
      <Filter>Header Files</Filter>
    </ClInclude>
    <ClInclude Include="..\VxSdkNet\Include\DbBackup.h">
      <Filter>Header Files</Filter>
    </ClInclude>
    <ClInclude Include="..\VxSdkNet\Include\DbBackups.h">
      <Filter>Header Files</Filter>
    </ClInclude>
    <ClInclude Include="..\VxSdkNet\Include\Member.h">
      <Filter>Header Files</Filter>
    </ClInclude>
    <ClInclude Include="..\VxSdkNet\Include\NewMember.h">
      <Filter>Header Files</Filter>
    </ClInclude>
    <ClInclude Include="..\VxSdkNet\Include\FileRecovery.h">
      <Filter>Header Files</Filter>
    </ClInclude>
    <ClInclude Include="..\VxSdkNet\Include\AnalyticBehavior.h">
      <Filter>Header Files</Filter>
    </ClInclude>
    <ClInclude Include="..\VxSdkNet\Include\AnalyticConfig.h">
      <Filter>Header Files</Filter>
    </ClInclude>
    <ClInclude Include="..\VxSdkNet\Include\AnalyticSession.h">
      <Filter>Header Files</Filter>
    </ClInclude>
    <ClInclude Include="..\VxSdkNet\Include\NewAnalyticBehavior.h">
      <Filter>Header Files</Filter>
    </ClInclude>
    <ClInclude Include="..\VxSdkNet\Include\NewAnalyticSession.h">
      <Filter>Header Files</Filter>
    </ClInclude>
    <ClInclude Include="..\VxSdkNet\Include\ObjectLineCounter.h">
      <Filter>Header Files</Filter>
    </ClInclude>
    <ClInclude Include="..\VxSdkNet\Include\ObjectInZone.h">
      <Filter>Header Files</Filter>
    </ClInclude>
    <ClInclude Include="..\VxSdkNet\Include\GridPoint.h">
      <Filter>Header Files</Filter>
    </ClInclude>
    <ClInclude Include="..\VxSdkNet\Include\ResourceLimits.h">
      <Filter>Header Files</Filter>
    </ClInclude>
    <ClInclude Include="..\VxSdkNet\Include\LdapValidationCredentials.h">
      <Filter>Header Files</Filter>
    </ClInclude>
    <ClInclude Include="..\VxSdkNet\Include\SmtpInfo.h">
      <Filter>Header Files</Filter>
    </ClInclude>
    <ClInclude Include="..\VxSdkNet\Include\NewRecording.h">
      <Filter>Header Files</Filter>
    </ClInclude>
    <ClInclude Include="..\VxSdkNet\Include\Recording.h">
      <Filter>Header Files</Filter>
    </ClInclude>
  </ItemGroup>
  <ItemGroup>
    <ClCompile Include="Source\MediaControl.cpp">
      <Filter>Source Files</Filter>
    </ClCompile>
    <ClCompile Include="..\VxSdkNet\Source\AlarmInput.cpp">
      <Filter>Source Files</Filter>
    </ClCompile>
    <ClCompile Include="..\VxSdkNet\Source\Bookmark.cpp">
      <Filter>Source Files</Filter>
    </ClCompile>
    <ClCompile Include="..\VxSdkNet\Source\BookmarkLock.cpp">
      <Filter>Source Files</Filter>
    </ClCompile>
    <ClCompile Include="..\VxSdkNet\Source\Configuration.cpp">
      <Filter>Source Files</Filter>
    </ClCompile>
    <ClCompile Include="..\VxSdkNet\Source\DataObject.cpp">
      <Filter>Source Files</Filter>
    </ClCompile>
    <ClCompile Include="..\VxSdkNet\Source\DataStorage.cpp">
      <Filter>Source Files</Filter>
    </ClCompile>
    <ClCompile Include="..\VxSdkNet\Source\DeviceAssignment.cpp">
      <Filter>Source Files</Filter>
    </ClCompile>
    <ClCompile Include="..\VxSdkNet\Source\Drawing.cpp">
      <Filter>Source Files</Filter>
    </ClCompile>
    <ClCompile Include="..\VxSdkNet\Source\Driver.cpp">
      <Filter>Source Files</Filter>
    </ClCompile>
    <ClCompile Include="..\VxSdkNet\Source\Gap.cpp">
      <Filter>Source Files</Filter>
    </ClCompile>
    <ClCompile Include="..\VxSdkNet\Source\License.cpp">
      <Filter>Source Files</Filter>
    </ClCompile>
    <ClCompile Include="..\VxSdkNet\Source\LicenseFeature.cpp">
      <Filter>Source Files</Filter>
    </ClCompile>
    <ClCompile Include="..\VxSdkNet\Source\ManualRecording.cpp">
      <Filter>Source Files</Filter>
    </ClCompile>
    <ClCompile Include="..\VxSdkNet\Source\Marker.cpp">
      <Filter>Source Files</Filter>
    </ClCompile>
    <ClCompile Include="..\VxSdkNet\Source\Clip.cpp">
      <Filter>Source Files</Filter>
    </ClCompile>
    <ClCompile Include="..\VxSdkNet\Source\DataInterface.cpp">
      <Filter>Source Files</Filter>
    </ClCompile>
    <ClCompile Include="..\VxSdkNet\Source\DataSource.cpp">
      <Filter>Source Files</Filter>
    </ClCompile>
    <ClCompile Include="..\VxSdkNet\Source\Device.cpp">
      <Filter>Source Files</Filter>
    </ClCompile>
    <ClCompile Include="..\VxSdkNet\Source\Export.cpp">
      <Filter>Source Files</Filter>
    </ClCompile>
    <ClCompile Include="..\VxSdkNet\Source\ExportClip.cpp">
      <Filter>Source Files</Filter>
    </ClCompile>
    <ClCompile Include="..\VxSdkNet\Source\Monitor.cpp">
      <Filter>Source Files</Filter>
    </ClCompile>
    <ClCompile Include="..\VxSdkNet\Source\MonitorCell.cpp">
      <Filter>Source Files</Filter>
    </ClCompile>
    <ClCompile Include="..\VxSdkNet\Source\MonitorWall.cpp">
      <Filter>Source Files</Filter>
    </ClCompile>
    <ClCompile Include="..\VxSdkNet\Source\Notification.cpp">
      <Filter>Source Files</Filter>
    </ClCompile>
    <ClCompile Include="..\VxSdkNet\Source\Pattern.cpp">
      <Filter>Source Files</Filter>
    </ClCompile>
    <ClCompile Include="..\VxSdkNet\Source\PixelSearch.cpp">
      <Filter>Source Files</Filter>
    </ClCompile>
    <ClCompile Include="..\VxSdkNet\Source\Preset.cpp">
      <Filter>Source Files</Filter>
    </ClCompile>
    <ClCompile Include="..\VxSdkNet\Source\Privilege.cpp">
      <Filter>Source Files</Filter>
    </ClCompile>
    <ClCompile Include="..\VxSdkNet\Source\PtzController.cpp">
      <Filter>Source Files</Filter>
    </ClCompile>
    <ClCompile Include="..\VxSdkNet\Source\PtzLock.cpp">
      <Filter>Source Files</Filter>
    </ClCompile>
    <ClCompile Include="..\VxSdkNet\Source\Log.cpp">
      <Filter>Source Files</Filter>
    </ClCompile>
    <ClCompile Include="..\VxSdkNet\Source\RelayOutput.cpp">
      <Filter>Source Files</Filter>
    </ClCompile>
    <ClCompile Include="..\VxSdkNet\Source\ResourceRel.cpp">
      <Filter>Source Files</Filter>
    </ClCompile>
    <ClCompile Include="..\VxSdkNet\Source\Role.cpp">
      <Filter>Source Files</Filter>
    </ClCompile>
    <ClCompile Include="..\VxSdkNet\Source\Rule.cpp">
      <Filter>Source Files</Filter>
    </ClCompile>
    <ClCompile Include="..\VxSdkNet\Source\Schedule.cpp">
      <Filter>Source Files</Filter>
    </ClCompile>
    <ClCompile Include="..\VxSdkNet\Source\ScheduleTrigger.cpp">
      <Filter>Source Files</Filter>
    </ClCompile>
    <ClCompile Include="..\VxSdkNet\Source\Situation.cpp">
      <Filter>Source Files</Filter>
    </ClCompile>
    <ClCompile Include="..\VxSdkNet\Source\Tag.cpp">
      <Filter>Source Files</Filter>
    </ClCompile>
    <ClCompile Include="..\VxSdkNet\Source\TimeTable.cpp">
      <Filter>Source Files</Filter>
    </ClCompile>
    <ClCompile Include="..\VxSdkNet\Source\User.cpp">
      <Filter>Source Files</Filter>
    </ClCompile>
    <ClCompile Include="..\VxSdkNet\Source\VXSystem.cpp">
      <Filter>Source Files</Filter>
    </ClCompile>
    <ClCompile Include="..\VxSdkNet\Source\Event.cpp">
      <Filter>Source Files</Filter>
    </ClCompile>
    <ClCompile Include="..\VxSdkNet\Source\AccessPoint.cpp">
      <Filter>Source Files</Filter>
    </ClCompile>
    <ClCompile Include="..\VxSdkNet\Source\ExportStream.cpp">
      <Filter>Source Files</Filter>
    </ClCompile>
    <ClCompile Include="..\VxSdkNet\Source\Volume.cpp">
      <Filter>Source Files</Filter>
    </ClCompile>
    <ClCompile Include="..\VxSdkNet\Source\VolumeGroup.cpp">
      <Filter>Source Files</Filter>
    </ClCompile>
    <ClCompile Include="..\VxSdkNet\Source\UserAccount.cpp">
      <Filter>Source Files</Filter>
    </ClCompile>
    <ClCompile Include="..\VxSdkNet\Source\DbBackup.cpp">
      <Filter>Source Files</Filter>
    </ClCompile>
    <ClCompile Include="..\VxSdkNet\Source\DbBackups.cpp">
      <Filter>Source Files</Filter>
    </ClCompile>
    <ClCompile Include="..\VxSdkNet\Source\Member.cpp">
      <Filter>Source Files</Filter>
    </ClCompile>
    <ClCompile Include="..\VxSdkNet\Source\FileRecovery.cpp">
      <Filter>Source Files</Filter>
    </ClCompile>
    <ClCompile Include="..\VxSdkNet\Source\AnalyticBehavior.cpp">
      <Filter>Source Files</Filter>
    </ClCompile>
    <ClCompile Include="..\VxSdkNet\Source\AnalyticConfig.cpp">
      <Filter>Source Files</Filter>
    </ClCompile>
    <ClCompile Include="..\VxSdkNet\Source\AnalyticSession.cpp">
      <Filter>Source Files</Filter>
    </ClCompile>
    <ClCompile Include="..\VxSdkNet\Source\Recording.cpp">
      <Filter>Source Files</Filter>
    </ClCompile>
  </ItemGroup>
  <ItemGroup>
    <ResourceCompile Include="Source\VxSdkNetMedia.rc">
      <Filter>Source Files</Filter>
    </ResourceCompile>
  </ItemGroup>
  <ItemGroup>
    <None Include="packages.config" />
  </ItemGroup>
</Project>