
Microsoft Visual Studio Solution File, Format Version 12.00
# Visual Studio 15
VisualStudioVersion = 15.0.27703.2035
MinimumVisualStudioVersion = 10.0.40219.1
Project("{8BC9CEB8-8B4A-11D0-8D11-00A0C91BC942}") = "VxSdk.NET-Media", "VxSdk.NET-Media.vcxproj", "{7B8BD603-EB13-4E0D-A7E9-7A36813E52E1}"
	ProjectSection(ProjectDependencies) = postProject
		{882C1F53-F88D-47F1-BC85-623FBE1EB4C5} = {882C1F53-F88D-47F1-BC85-623FBE1EB4C5}
	EndProjectSection
EndProject
Global
	GlobalSection(SolutionConfigurationPlatforms) = preSolution
		Debug|x64 = Debug|x64
		Debug|x86 = Debug|x86
		Release|x64 = Release|x64
		Release|x86 = Release|x86
	EndGlobalSection
	GlobalSection(ProjectConfigurationPlatforms) = postSolution
		{7B8BD603-EB13-4E0D-A7E9-7A36813E52E1}.Debug|x64.ActiveCfg = Debug|x64
		{7B8BD603-EB13-4E0D-A7E9-7A36813E52E1}.Debug|x64.Build.0 = Debug|x64
		{7B8BD603-EB13-4E0D-A7E9-7A36813E52E1}.Debug|x86.ActiveCfg = Debug|Win32
		{7B8BD603-EB13-4E0D-A7E9-7A36813E52E1}.Debug|x86.Build.0 = Debug|Win32
		{7B8BD603-EB13-4E0D-A7E9-7A36813E52E1}.Release|x64.ActiveCfg = Release|x64
		{7B8BD603-EB13-4E0D-A7E9-7A36813E52E1}.Release|x64.Build.0 = Release|x64
		{7B8BD603-EB13-4E0D-A7E9-7A36813E52E1}.Release|x86.ActiveCfg = Release|Win32
		{7B8BD603-EB13-4E0D-A7E9-7A36813E52E1}.Release|x86.Build.0 = Release|Win32
	EndGlobalSection
	GlobalSection(SolutionProperties) = preSolution
		HideSolutionNode = FALSE
	EndGlobalSection
	GlobalSection(ExtensibilityGlobals) = postSolution
		SolutionGuid = {72ECA0C1-03FD-4171-9B24-797C433DBBE4}
	EndGlobalSection
EndGlobal
